
Microsoft Visual Studio Solution File, Format Version 12.00
# Visual Studio Version 17
VisualStudioVersion = 17.0.31903.59
MinimumVisualStudioVersion = 10.0.40219.1
Project("{FAE04EC0-301F-11D3-BF4B-00C04F79EFBC}") = "PokéDesc.API", "PokéDesc.API\PokéDesc.API.csproj", "{ADEFDB8C-FEB3-409A-A761-50B9C391978C}"
EndProject
Project("{FAE04EC0-301F-11D3-BF4B-00C04F79EFBC}") = "PokéDesc.Business", "PokéDesc.Business\PokéDesc.Business.csproj", "{06E5348C-918E-4562-A33A-0713B35A4CD7}"
EndProject
Project("{FAE04EC0-301F-11D3-BF4B-00C04F79EFBC}") = "PokéDesc.Data", "PokéDesc.Data\PokéDesc.Data.csproj", "{9F99C8CF-EF08-4C1A-A368-52F3AA7F78F0}"
EndProject
Project("{FAE04EC0-301F-11D3-BF4B-00C04F79EFBC}") = "PokéDesc.Domain", "PokéDesc.Domain\PokéDesc.Domain.csproj", "{1C257504-7E49-4F91-B9CD-D59D3A8ACA29}"
EndProject
Project("{FAE04EC0-301F-11D3-BF4B-00C04F79EFBC}") = "Projet_FullStack_FrontEnd", "Projet_FullStack_FrontEnd\Projet_FullStack_FrontEnd.csproj", "{B76EE874-4710-4505-9299-D9074A4EA6B8}"
EndProject
Global
	GlobalSection(SolutionConfigurationPlatforms) = preSolution
		Debug|Any CPU = Debug|Any CPU
		Debug|x64 = Debug|x64
		Debug|x86 = Debug|x86
		Release|Any CPU = Release|Any CPU
		Release|x64 = Release|x64
		Release|x86 = Release|x86
	EndGlobalSection
	GlobalSection(ProjectConfigurationPlatforms) = postSolution
		{ADEFDB8C-FEB3-409A-A761-50B9C391978C}.Debug|Any CPU.ActiveCfg = Debug|Any CPU
		{ADEFDB8C-FEB3-409A-A761-50B9C391978C}.Debug|Any CPU.Build.0 = Debug|Any CPU
		{ADEFDB8C-FEB3-409A-A761-50B9C391978C}.Debug|x64.ActiveCfg = Debug|Any CPU
		{ADEFDB8C-FEB3-409A-A761-50B9C391978C}.Debug|x64.Build.0 = Debug|Any CPU
		{ADEFDB8C-FEB3-409A-A761-50B9C391978C}.Debug|x86.ActiveCfg = Debug|Any CPU
		{ADEFDB8C-FEB3-409A-A761-50B9C391978C}.Debug|x86.Build.0 = Debug|Any CPU
		{ADEFDB8C-FEB3-409A-A761-50B9C391978C}.Release|Any CPU.ActiveCfg = Release|Any CPU
		{ADEFDB8C-FEB3-409A-A761-50B9C391978C}.Release|Any CPU.Build.0 = Release|Any CPU
		{ADEFDB8C-FEB3-409A-A761-50B9C391978C}.Release|x64.ActiveCfg = Release|Any CPU
		{ADEFDB8C-FEB3-409A-A761-50B9C391978C}.Release|x64.Build.0 = Release|Any CPU
		{ADEFDB8C-FEB3-409A-A761-50B9C391978C}.Release|x86.ActiveCfg = Release|Any CPU
		{ADEFDB8C-FEB3-409A-A761-50B9C391978C}.Release|x86.Build.0 = Release|Any CPU
		{06E5348C-918E-4562-A33A-0713B35A4CD7}.Debug|Any CPU.ActiveCfg = Debug|Any CPU
		{06E5348C-918E-4562-A33A-0713B35A4CD7}.Debug|Any CPU.Build.0 = Debug|Any CPU
		{06E5348C-918E-4562-A33A-0713B35A4CD7}.Debug|x64.ActiveCfg = Debug|Any CPU
		{06E5348C-918E-4562-A33A-0713B35A4CD7}.Debug|x64.Build.0 = Debug|Any CPU
		{06E5348C-918E-4562-A33A-0713B35A4CD7}.Debug|x86.ActiveCfg = Debug|Any CPU
		{06E5348C-918E-4562-A33A-0713B35A4CD7}.Debug|x86.Build.0 = Debug|Any CPU
		{06E5348C-918E-4562-A33A-0713B35A4CD7}.Release|Any CPU.ActiveCfg = Release|Any CPU
		{06E5348C-918E-4562-A33A-0713B35A4CD7}.Release|Any CPU.Build.0 = Release|Any CPU
		{06E5348C-918E-4562-A33A-0713B35A4CD7}.Release|x64.ActiveCfg = Release|Any CPU
		{06E5348C-918E-4562-A33A-0713B35A4CD7}.Release|x64.Build.0 = Release|Any CPU
		{06E5348C-918E-4562-A33A-0713B35A4CD7}.Release|x86.ActiveCfg = Release|Any CPU
		{06E5348C-918E-4562-A33A-0713B35A4CD7}.Release|x86.Build.0 = Release|Any CPU
		{9F99C8CF-EF08-4C1A-A368-52F3AA7F78F0}.Debug|Any CPU.ActiveCfg = Debug|Any CPU
		{9F99C8CF-EF08-4C1A-A368-52F3AA7F78F0}.Debug|Any CPU.Build.0 = Debug|Any CPU
		{9F99C8CF-EF08-4C1A-A368-52F3AA7F78F0}.Debug|x64.ActiveCfg = Debug|Any CPU
		{9F99C8CF-EF08-4C1A-A368-52F3AA7F78F0}.Debug|x64.Build.0 = Debug|Any CPU
		{9F99C8CF-EF08-4C1A-A368-52F3AA7F78F0}.Debug|x86.ActiveCfg = Debug|Any CPU
		{9F99C8CF-EF08-4C1A-A368-52F3AA7F78F0}.Debug|x86.Build.0 = Debug|Any CPU
		{9F99C8CF-EF08-4C1A-A368-52F3AA7F78F0}.Release|Any CPU.ActiveCfg = Release|Any CPU
		{9F99C8CF-EF08-4C1A-A368-52F3AA7F78F0}.Release|Any CPU.Build.0 = Release|Any CPU
		{9F99C8CF-EF08-4C1A-A368-52F3AA7F78F0}.Release|x64.ActiveCfg = Release|Any CPU
		{9F99C8CF-EF08-4C1A-A368-52F3AA7F78F0}.Release|x64.Build.0 = Release|Any CPU
		{9F99C8CF-EF08-4C1A-A368-52F3AA7F78F0}.Release|x86.ActiveCfg = Release|Any CPU
		{9F99C8CF-EF08-4C1A-A368-52F3AA7F78F0}.Release|x86.Build.0 = Release|Any CPU
		{1C257504-7E49-4F91-B9CD-D59D3A8ACA29}.Debug|Any CPU.ActiveCfg = Debug|Any CPU
		{1C257504-7E49-4F91-B9CD-D59D3A8ACA29}.Debug|Any CPU.Build.0 = Debug|Any CPU
		{1C257504-7E49-4F91-B9CD-D59D3A8ACA29}.Debug|x64.ActiveCfg = Debug|Any CPU
		{1C257504-7E49-4F91-B9CD-D59D3A8ACA29}.Debug|x64.Build.0 = Debug|Any CPU
		{1C257504-7E49-4F91-B9CD-D59D3A8ACA29}.Debug|x86.ActiveCfg = Debug|Any CPU
		{1C257504-7E49-4F91-B9CD-D59D3A8ACA29}.Debug|x86.Build.0 = Debug|Any CPU
		{1C257504-7E49-4F91-B9CD-D59D3A8ACA29}.Release|Any CPU.ActiveCfg = Release|Any CPU
		{1C257504-7E49-4F91-B9CD-D59D3A8ACA29}.Release|Any CPU.Build.0 = Release|Any CPU
		{1C257504-7E49-4F91-B9CD-D59D3A8ACA29}.Release|x64.ActiveCfg = Release|Any CPU
		{1C257504-7E49-4F91-B9CD-D59D3A8ACA29}.Release|x64.Build.0 = Release|Any CPU
		{1C257504-7E49-4F91-B9CD-D59D3A8ACA29}.Release|x86.ActiveCfg = Release|Any CPU
		{1C257504-7E49-4F91-B9CD-D59D3A8ACA29}.Release|x86.Build.0 = Release|Any CPU
		{B76EE874-4710-4505-9299-D9074A4EA6B8}.Debug|Any CPU.ActiveCfg = Debug|Any CPU
		{B76EE874-4710-4505-9299-D9074A4EA6B8}.Debug|Any CPU.Build.0 = Debug|Any CPU
		{B76EE874-4710-4505-9299-D9074A4EA6B8}.Debug|x64.ActiveCfg = Debug|Any CPU
		{B76EE874-4710-4505-9299-D9074A4EA6B8}.Debug|x64.Build.0 = Debug|Any CPU
		{B76EE874-4710-4505-9299-D9074A4EA6B8}.Debug|x86.ActiveCfg = Debug|Any CPU
		{B76EE874-4710-4505-9299-D9074A4EA6B8}.Debug|x86.Build.0 = Debug|Any CPU
		{B76EE874-4710-4505-9299-D9074A4EA6B8}.Release|Any CPU.ActiveCfg = Release|Any CPU
		{B76EE874-4710-4505-9299-D9074A4EA6B8}.Release|Any CPU.Build.0 = Release|Any CPU
		{B76EE874-4710-4505-9299-D9074A4EA6B8}.Release|x64.ActiveCfg = Release|Any CPU
		{B76EE874-4710-4505-9299-D9074A4EA6B8}.Release|x64.Build.0 = Release|Any CPU
		{B76EE874-4710-4505-9299-D9074A4EA6B8}.Release|x86.ActiveCfg = Release|Any CPU
		{B76EE874-4710-4505-9299-D9074A4EA6B8}.Release|x86.Build.0 = Release|Any CPU
	EndGlobalSection
	GlobalSection(SolutionProperties) = preSolution
		HideSolutionNode = FALSE
	EndGlobalSection
EndGlobal
